{
  "object": {
    "pins": [
      {
        "package": "yoga",
        "repositoryURL": "https://github.com/facebook/yoga.git",
        "state": {
          "branch": "main",
          "revision": "f12d43631444420667004ca025d3d4071d76a694",
          "version": null
        }
      }
    ]
  },
  "version": 1
}
