{
  "object": {
    "pins": [
      {
        "package": "yoga",
        "repositoryURL": "https://github.com/facebook/yoga.git",
        "state": {
          "branch": "main",
          "revision": "a8566a01503e283f2e06fdcb12b80603035aadb1",
          "version": null
        }
      }
    ]
  },
  "version": 1
}
